
Microsoft Visual Studio Solution File, Format Version 12.00
# Visual Studio Version 17
VisualStudioVersion = 17.0.31912.275
MinimumVisualStudioVersion = 10.0.40219.1
Project("{FAE04EC0-301F-11D3-BF4B-00C04F79EFBC}") = "BestInvest.API", "BestInvest.API.csproj", "{788B781D-551C-49D4-AA38-CDFB64476D8A}"
EndProject
Global
	GlobalSection(SolutionConfigurationPlatforms) = preSolution
		Debug|Any CPU = Debug|Any CPU
		Release|Any CPU = Release|Any CPU
	EndGlobalSection
	GlobalSection(ProjectConfigurationPlatforms) = postSolution
		{788B781D-551C-49D4-AA38-CDFB64476D8A}.Debug|Any CPU.ActiveCfg = Debug|Any CPU
		{788B781D-551C-49D4-AA38-CDFB64476D8A}.Debug|Any CPU.Build.0 = Debug|Any CPU
		{788B781D-551C-49D4-AA38-CDFB64476D8A}.Release|Any CPU.ActiveCfg = Release|Any CPU
		{788B781D-551C-49D4-AA38-CDFB64476D8A}.Release|Any CPU.Build.0 = Release|Any CPU
	EndGlobalSection
	GlobalSection(SolutionProperties) = preSolution
		HideSolutionNode = FALSE
	EndGlobalSection
	GlobalSection(ExtensibilityGlobals) = postSolution
		SolutionGuid = {DE848723-D1B5-4FDF-B5F1-BB509EADB461}
	EndGlobalSection
EndGlobal
